{
    "_readme": [
        "This file locks the dependencies of your project to a known state",
        "Read more about it at http://getcomposer.org/doc/01-basic-usage.md#composer-lock-the-lock-file"
    ],
    "hash": "f439432ceab653fe6da5f8ae19c9ef20",
    "packages": [
        {
            "name": "symfony/config",
            "version": "v2.2.2",
            "target-dir": "Symfony/Component/Config",
            "source": {
                "type": "git",
                "url": "https://github.com/symfony/Config.git",
                "reference": "v2.2.2"
            },
            "dist": {
                "type": "zip",
                "url": "https://api.github.com/repos/symfony/Config/zipball/v2.2.2",
                "reference": "v2.2.2",
                "shasum": ""
            },
            "require": {
                "php": ">=5.3.3"
            },
            "type": "library",
            "extra": {
                "branch-alias": {
                    "dev-master": "2.2-dev"
                }
            },
            "autoload": {
                "psr-0": {
                    "Symfony\\Component\\Config\\": ""
                }
            },
            "notification-url": "https://packagist.org/downloads/",
            "license": [
                "MIT"
            ],
            "authors": [
                {
                    "name": "Fabien Potencier",
                    "email": "fabien@symfony.com"
                },
                {
                    "name": "Symfony Community",
                    "homepage": "http://symfony.com/contributors"
                }
            ],
            "description": "Symfony Config Component",
            "homepage": "http://symfony.com",
            "time": "2013-05-10 18:08:31"
        },
        {
            "name": "symfony/translation",
            "version": "v2.3.0",
            "target-dir": "Symfony/Component/Translation",
            "source": {
                "type": "git",
                "url": "https://github.com/symfony/Translation.git",
                "reference": "v2.3.0-RC1"
            },
            "dist": {
                "type": "zip",
                "url": "https://api.github.com/repos/symfony/Translation/zipball/v2.3.0-RC1",
                "reference": "v2.3.0-RC1",
                "shasum": ""
            },
            "require": {
                "php": ">=5.3.3"
            },
            "require-dev": {
                "symfony/config": ">=2.0,<3.0",
                "symfony/yaml": ">=2.2,<3.0"
            },
            "suggest": {
                "symfony/config": "",
                "symfony/yaml": ""
            },
            "type": "library",
            "extra": {
                "branch-alias": {
                    "dev-master": "2.3-dev"
                }
            },
            "autoload": {
                "psr-0": {
                    "Symfony\\Component\\Translation\\": ""
                }
            },
            "notification-url": "https://packagist.org/downloads/",
            "license": [
                "MIT"
            ],
            "authors": [
                {
                    "name": "Fabien Potencier",
                    "email": "fabien@symfony.com"
                },
                {
                    "name": "Symfony Community",
                    "homepage": "http://symfony.com/contributors"
                }
            ],
            "description": "Symfony Translation Component",
            "homepage": "http://symfony.com",
            "time": "2013-05-13 14:36:40"
        },
        {
            "name": "tronghieu1012/flywheel-framework",
            "version": "dev-1.0-alpha",
            "source": {
                "type": "git",
                "url": "https://github.com/tronghieu/flywheel-framework.git",
                "reference": "ee519f6a4e0eed8ed703f9d0700ca546219fe61f"
            },
            "dist": {
                "type": "zip",
                "url": "https://api.github.com/repos/tronghieu/flywheel-framework/zipball/ee519f6a4e0eed8ed703f9d0700ca546219fe61f",
                "reference": "ee519f6a4e0eed8ed703f9d0700ca546219fe61f",
                "shasum": ""
            },
            "require": {
                "php": ">=5.3.3",
                "symfony/config": "2.*",
                "symfony/translation": "2.*",
                "zendframework/zend-permissions-acl": "2.*"
            },
            "type": "library",
            "autoload": {
                "psr-0": {
                    "Flywheel": "/"
                },
                "files": [
                    "Flywheel/Common.php"
                ]
            },
            "notification-url": "https://packagist.org/downloads/",
            "license": [
                "MIT"
            ],
            "authors": [
                {
                    "name": "Luu Trong Hieu",
                    "email": "tronghieu.luu@gmail.com"
                }
            ],
            "description": "The Flywheel PHP framework",
            "homepage": "http://luutronghieu.com",
            "keywords": [
                "framework"
            ],
            "time": "2013-06-04 06:53:42"
        },
        {
            "name": "zendframework/zend-permissions-acl",
            "version": "2.2.0",
            "target-dir": "Zend/Permissions/Acl",
            "source": {
                "type": "git",
                "url": "https://github.com/zendframework/Component_ZendPermissionsAcl.git",
                "reference": "release-2.2.0rc3"
            },
            "dist": {
                "type": "zip",
                "url": "https://api.github.com/repos/zendframework/Component_ZendPermissionsAcl/zipball/release-2.2.0rc3",
                "reference": "release-2.2.0rc3",
                "shasum": ""
            },
            "require": {
                "php": ">=5.3.3"
            },
            "type": "library",
            "extra": {
                "branch-alias": {
                    "dev-master": "2.2-dev",
                    "dev-develop": "2.3-dev"
                }
            },
            "autoload": {
                "psr-0": {
                    "Zend\\Permissions\\Acl\\": ""
                }
            },
            "notification-url": "https://packagist.org/downloads/",
            "license": [
                "BSD-3-Clause"
            ],
            "description": "provides a lightweight and flexible access control list (ACL) implementation for privileges management",
            "keywords": [
                "acl",
                "zf2"
            ],
            "time": "2013-05-01 21:53:46"
        }
    ],
    "packages-dev": [

    ],
    "aliases": [

    ],
    "minimum-stability": "stable",
    "stability-flags": {
        "tronghieu1012/flywheel-framework": 20
    },
    "platform": [

    ],
    "platform-dev": [

    ]
}
