{
    "_readme": [
        "This file locks the dependencies of your project to a known state",
        "Read more about it at http://getcomposer.org/doc/01-basic-usage.md#composer-lock-the-lock-file"
    ],
    "hash": "f0ff1586a4e5d0f0e3e24d4dce5b8d18",
    "packages": [
        {
            "name": "symfony/config",
            "version": "v2.3.1",
            "target-dir": "Symfony/Component/Config",
            "source": {
                "type": "git",
                "url": "https://github.com/symfony/Config.git",
                "reference": "v2.3.1"
            },
            "dist": {
                "type": "zip",
                "url": "https://api.github.com/repos/symfony/Config/zipball/v2.3.1",
                "reference": "v2.3.1",
                "shasum": ""
            },
            "require": {
                "php": ">=5.3.3",
                "symfony/filesystem": ">=2.3,<3.0"
            },
            "type": "library",
            "extra": {
                "branch-alias": {
                    "dev-master": "2.3-dev"
                }
            },
            "autoload": {
                "psr-0": {
                    "Symfony\\Component\\Config\\": ""
                }
            },
            "notification-url": "https://packagist.org/downloads/",
            "license": [
                "MIT"
            ],
            "authors": [
                {
                    "name": "Fabien Potencier",
                    "email": "fabien@symfony.com"
                },
                {
                    "name": "Symfony Community",
                    "homepage": "http://symfony.com/contributors"
                }
            ],
            "description": "Symfony Config Component",
            "homepage": "http://symfony.com",
            "time": "2013-06-03 00:18:25"
        },
        {
            "name": "symfony/filesystem",
            "version": "v2.3.1",
            "target-dir": "Symfony/Component/Filesystem",
            "source": {
                "type": "git",
                "url": "https://github.com/symfony/Filesystem.git",
                "reference": "v2.3.1"
            },
            "dist": {
                "type": "zip",
                "url": "https://api.github.com/repos/symfony/Filesystem/zipball/v2.3.1",
                "reference": "v2.3.1",
                "shasum": ""
            },
            "require": {
                "php": ">=5.3.3"
            },
            "type": "library",
            "extra": {
                "branch-alias": {
                    "dev-master": "2.3-dev"
                }
            },
            "autoload": {
                "psr-0": {
                    "Symfony\\Component\\Filesystem\\": ""
                }
            },
            "notification-url": "https://packagist.org/downloads/",
            "license": [
                "MIT"
            ],
            "authors": [
                {
                    "name": "Fabien Potencier",
                    "email": "fabien@symfony.com"
                },
                {
                    "name": "Symfony Community",
                    "homepage": "http://symfony.com/contributors"
                }
            ],
            "description": "Symfony Filesystem Component",
            "homepage": "http://symfony.com",
            "time": "2013-06-04 15:02:05"
        },
        {
            "name": "symfony/finder",
            "version": "v2.3.1",
            "target-dir": "Symfony/Component/Finder",
            "source": {
                "type": "git",
                "url": "https://github.com/symfony/Finder.git",
                "reference": "v2.3.1"
            },
            "dist": {
                "type": "zip",
                "url": "https://api.github.com/repos/symfony/Finder/zipball/v2.3.1",
                "reference": "v2.3.1",
                "shasum": ""
            },
            "require": {
                "php": ">=5.3.3"
            },
            "type": "library",
            "extra": {
                "branch-alias": {
                    "dev-master": "2.3-dev"
                }
            },
            "autoload": {
                "psr-0": {
                    "Symfony\\Component\\Finder\\": ""
                }
            },
            "notification-url": "https://packagist.org/downloads/",
            "license": [
                "MIT"
            ],
            "authors": [
                {
                    "name": "Fabien Potencier",
                    "email": "fabien@symfony.com"
                },
                {
                    "name": "Symfony Community",
                    "homepage": "http://symfony.com/contributors"
                }
            ],
            "description": "Symfony Finder Component",
            "homepage": "http://symfony.com",
            "time": "2013-06-02 12:05:51"
        },
        {
            "name": "symfony/translation",
            "version": "v2.3.1",
            "target-dir": "Symfony/Component/Translation",
            "source": {
                "type": "git",
                "url": "https://github.com/symfony/Translation.git",
                "reference": "v2.3.1"
            },
            "dist": {
                "type": "zip",
                "url": "https://api.github.com/repos/symfony/Translation/zipball/v2.3.1",
                "reference": "v2.3.1",
                "shasum": ""
            },
            "require": {
                "php": ">=5.3.3"
            },
            "require-dev": {
                "symfony/config": ">=2.0,<3.0",
                "symfony/yaml": ">=2.2,<3.0"
            },
            "suggest": {
                "symfony/config": "",
                "symfony/yaml": ""
            },
            "type": "library",
            "extra": {
                "branch-alias": {
                    "dev-master": "2.3-dev"
                }
            },
            "autoload": {
                "psr-0": {
                    "Symfony\\Component\\Translation\\": ""
                }
            },
            "notification-url": "https://packagist.org/downloads/",
            "license": [
                "MIT"
            ],
            "authors": [
                {
                    "name": "Fabien Potencier",
                    "email": "fabien@symfony.com"
                },
                {
                    "name": "Symfony Community",
                    "homepage": "http://symfony.com/contributors"
                }
            ],
            "description": "Symfony Translation Component",
            "homepage": "http://symfony.com",
            "time": "2013-05-13 14:36:40"
        },
        {
            "name": "tronghieu/flyapi",
            "version": "dev-master",
            "source": {
                "type": "git",
                "url": "https://github.com/tronghieu/flyapi.git",
                "reference": "7daa015d4c441e1042ba1b86d4e203b91cebefdf"
            },
            "dist": {
                "type": "zip",
                "url": "https://api.github.com/repos/tronghieu/flyapi/zipball/7daa015d4c441e1042ba1b86d4e203b91cebefdf",
                "reference": "7daa015d4c441e1042ba1b86d4e203b91cebefdf",
                "shasum": ""
            },
            "require": {
                "php": ">=5.3.3"
            },
            "type": "library",
            "autoload": {
                "psr-0": {
                    "FlyApi": "/"
                }
            },
            "notification-url": "https://packagist.org/downloads/",
            "license": [
                "MIT"
            ],
            "authors": [
                {
                    "name": "Luu Trong Hieu",
                    "email": "tronghieu.luu@gmail.com"
                }
            ],
            "description": "Flywheel API lib for server",
            "homepage": "http://luutronghieu.com",
            "keywords": [
                "api",
                "framework"
            ],
            "time": "2013-07-05 04:06:17"
        },
        {
            "name": "tronghieu/flywheel-framework",
            "version": "dev-master",
            "source": {
                "type": "git",
                "url": "https://github.com/tronghieu/flywheel-framework.git",
                "reference": "badecf33997aabbaa64d5805f9ea29957d676db8"
            },
            "dist": {
                "type": "zip",
                "url": "https://api.github.com/repos/tronghieu/flywheel-framework/zipball/badecf33997aabbaa64d5805f9ea29957d676db8",
                "reference": "badecf33997aabbaa64d5805f9ea29957d676db8",
                "shasum": ""
            },
            "require": {
                "php": ">=5.3.3",
                "symfony/config": "2.*",
                "symfony/filesystem": "2.*",
                "symfony/finder": "2.*",
                "symfony/translation": "2.*",
                "zendframework/zend-permissions-acl": "2.*"
            },
            "type": "library",
            "extra": {
                "branch-alias": {
                    "dev-master": "1.0.x-dev"
                }
            },
            "autoload": {
                "psr-0": {
                    "Flywheel": "/"
                },
                "files": [
                    "Flywheel/Common.php"
                ]
            },
            "notification-url": "https://packagist.org/downloads/",
            "license": [
                "MIT"
            ],
            "authors": [
                {
                    "name": "Luu Trong Hieu",
                    "email": "tronghieu.luu@gmail.com"
                }
            ],
            "description": "The Flywheel PHP framework",
            "homepage": "http://luutronghieu.com",
            "keywords": [
                "framework"
            ],
            "time": "2013-07-10 05:08:08"
        },
        {
            "name": "zendframework/zend-permissions-acl",
            "version": "2.2.1",
            "target-dir": "Zend/Permissions/Acl",
            "source": {
                "type": "git",
                "url": "https://github.com/zendframework/Component_ZendPermissionsAcl.git",
                "reference": "release-2.2.1"
            },
            "dist": {
                "type": "zip",
                "url": "https://api.github.com/repos/zendframework/Component_ZendPermissionsAcl/zipball/release-2.2.1",
                "reference": "release-2.2.1",
                "shasum": ""
            },
            "require": {
                "php": ">=5.3.3"
            },
            "type": "library",
            "extra": {
                "branch-alias": {
                    "dev-master": "2.2-dev",
                    "dev-develop": "2.3-dev"
                }
            },
            "autoload": {
                "psr-0": {
                    "Zend\\Permissions\\Acl\\": ""
                }
            },
            "notification-url": "https://packagist.org/downloads/",
            "license": [
                "BSD-3-Clause"
            ],
            "description": "provides a lightweight and flexible access control list (ACL) implementation for privileges management",
            "keywords": [
                "acl",
                "zf2"
            ],
            "time": "2013-06-12 19:45:49"
        }
    ],
    "packages-dev": [

    ],
    "aliases": [

    ],
    "minimum-stability": "stable",
    "stability-flags": {
        "tronghieu/flyapi": 20,
        "tronghieu/flywheel-framework": 20
    },
    "platform": [

    ],
    "platform-dev": [

    ]
}
