comment:
    - '#WidgetBlock'
    - '#Schema for WidgetBlock OMs'
colums:
    id: { name: id, type: integer, db_type: integer, alltypes: [integer], ntype: 'int(11) unsigned', length: 4, fixed: false, unsigned: true, values: {  }, primary: true, unique: false, default: null, notnull: true, auto_increment: true, extra: auto_increment }
    name: { name: name, type: string, db_type: string, alltypes: [string], ntype: varchar(255), length: 255, fixed: false, unsigned: false, values: {  }, primary: false, unique: false, default: '', notnull: true, auto_increment: false, extra: '' }
    position: { name: position, type: string, db_type: string, alltypes: [string], ntype: varchar(255), length: 255, fixed: false, unsigned: false, values: {  }, primary: false, unique: false, default: '', notnull: true, auto_increment: false, extra: '' }
    path: { name: path, type: string, db_type: string, alltypes: [string], ntype: varchar(255), length: 255, fixed: false, unsigned: false, values: {  }, primary: false, unique: false, default: '', notnull: true, auto_increment: false, extra: '' }
    status: { name: status, type: string, db_type: enum, alltypes: [enum, integer], ntype: 'enum(''ACTIVE'',''INACTIVE'')', length: 8, fixed: false, unsigned: false, values: [ACTIVE, INACTIVE], primary: false, unique: false, default: ACTIVE, notnull: true, auto_increment: false, extra: '' }
    language: { name: language, type: string, db_type: string, alltypes: [string], ntype: varchar(10), length: 10, fixed: false, unsigned: false, values: {  }, primary: false, unique: false, default: '*', notnull: true, auto_increment: false, extra: '' }
    note: { name: note, type: string, db_type: string, alltypes: [string, clob], ntype: text, length: null, fixed: false, unsigned: false, values: {  }, primary: false, unique: false, default: null, notnull: false, auto_increment: false, extra: '' }
    properties: { name: properties, type: string, db_type: string, alltypes: [string, clob], ntype: text, length: null, fixed: false, unsigned: false, values: {  }, primary: false, unique: false, default: null, notnull: true, auto_increment: false, extra: '' }
    ordering: { name: ordering, type: integer, db_type: integer, alltypes: [integer], ntype: int(11), length: 4, fixed: false, unsigned: false, values: {  }, primary: false, unique: false, default: '0', notnull: true, auto_increment: false, extra: '' }
    created_time: { name: created_time, type: datetime, db_type: timestamp, alltypes: [timestamp], ntype: datetime, length: null, fixed: false, unsigned: false, values: {  }, primary: false, unique: false, default: null, notnull: true, auto_increment: false, extra: '' }
    modified_time: { name: modified_time, type: datetime, db_type: timestamp, alltypes: [timestamp], ntype: datetime, length: null, fixed: false, unsigned: false, values: {  }, primary: false, unique: false, default: null, notnull: true, auto_increment: false, extra: '' }
infos:
    _dbConnectName: widget_block
